
Microsoft Visual Studio Solution File, Format Version 12.00
# Visual Studio Version 17
VisualStudioVersion = 17.6.33815.320
MinimumVisualStudioVersion = 10.0.40219.1
Project("{FAE04EC0-301F-11D3-BF4B-00C04F79EFBC}") = "ConsoleApp1", "ConsoleApp1\ConsoleApp1.csproj", "{34A9898B-7AE4-495E-BD22-259C12D9BFC9}"
EndProject
Project("{FAE04EC0-301F-11D3-BF4B-00C04F79EFBC}") = "TestProject1", "TestProject1\TestProject1.csproj", "{DC4E5B2C-3DE7-4CF5-94BE-39B38B9ACFFA}"
EndProject
Global
	GlobalSection(SolutionConfigurationPlatforms) = preSolution
		Debug|Any CPU = Debug|Any CPU
		Release|Any CPU = Release|Any CPU
	EndGlobalSection
	GlobalSection(ProjectConfigurationPlatforms) = postSolution
		{34A9898B-7AE4-495E-BD22-259C12D9BFC9}.Debug|Any CPU.ActiveCfg = Debug|Any CPU
		{34A9898B-7AE4-495E-BD22-259C12D9BFC9}.Debug|Any CPU.Build.0 = Debug|Any CPU
		{34A9898B-7AE4-495E-BD22-259C12D9BFC9}.Release|Any CPU.ActiveCfg = Release|Any CPU
		{34A9898B-7AE4-495E-BD22-259C12D9BFC9}.Release|Any CPU.Build.0 = Release|Any CPU
		{DC4E5B2C-3DE7-4CF5-94BE-39B38B9ACFFA}.Debug|Any CPU.ActiveCfg = Debug|Any CPU
		{DC4E5B2C-3DE7-4CF5-94BE-39B38B9ACFFA}.Debug|Any CPU.Build.0 = Debug|Any CPU
		{DC4E5B2C-3DE7-4CF5-94BE-39B38B9ACFFA}.Release|Any CPU.ActiveCfg = Release|Any CPU
		{DC4E5B2C-3DE7-4CF5-94BE-39B38B9ACFFA}.Release|Any CPU.Build.0 = Release|Any CPU
	EndGlobalSection
	GlobalSection(SolutionProperties) = preSolution
		HideSolutionNode = FALSE
	EndGlobalSection
	GlobalSection(ExtensibilityGlobals) = postSolution
		SolutionGuid = {8ACBEECA-ED2B-4B2E-AE5E-709EED7394CA}
	EndGlobalSection
EndGlobal
